// !$*UTF8*$!
{
	archiveVersion = 1;
	classes = {
	};
	objectVersion = 77;
	objects = {

/* Begin PBXBuildFile section */
		756363C42D7382E500C42A03 /* StockManagerApp.swift in Sources */ = {isa = PBXBuildFile; fileRef = 756363BD2D7382E500C42A03 /* StockManagerApp.swift */; };
		756363C62D7382E500C42A03 /* Assets.xcassets in Resources */ = {isa = PBXBuildFile; fileRef = 756363BB2D7382E500C42A03 /* Assets.xcassets */; };
/* End PBXBuildFile section */

/* Begin PBXContainerItemProxy section */
		75FECC9A2D4A7F2C00F13120 /* PBXContainerItemProxy */ = {
			isa = PBXContainerItemProxy;
			containerPortal = 75FECC7E2D4A7F2A00F13120 /* Project object */;
			proxyType = 1;
			remoteGlobalIDString = 75FECC852D4A7F2A00F13120;
			remoteInfo = StockManager;
		};
		75FECCA42D4A7F2C00F13120 /* PBXContainerItemProxy */ = {
			isa = PBXContainerItemProxy;
			containerPortal = 75FECC7E2D4A7F2A00F13120 /* Project object */;
			proxyType = 1;
			remoteGlobalIDString = 75FECC852D4A7F2A00F13120;
			remoteInfo = StockManager;
		};
/* End PBXContainerItemProxy section */

/* Begin PBXFileReference section */
		756363BB2D7382E500C42A03 /* Assets.xcassets */ = {isa = PBXFileReference; lastKnownFileType = folder.assetcatalog; path = Assets.xcassets; sourceTree = "<group>"; };
		756363BC2D7382E500C42A03 /* StockManager.entitlements */ = {isa = PBXFileReference; lastKnownFileType = text.plist.entitlements; path = StockManager.entitlements; sourceTree = "<group>"; };
		756363BD2D7382E500C42A03 /* StockManagerApp.swift */ = {isa = PBXFileReference; lastKnownFileType = sourcecode.swift; path = StockManagerApp.swift; sourceTree = "<group>"; };
		756363DB2D73832100C42A03 /* StockManager.app */ = {isa = PBXFileReference; explicitFileType = wrapper.application; includeInIndex = 0; path = StockManager.app; sourceTree = BUILT_PRODUCTS_DIR; };
		75FECC992D4A7F2C00F13120 /* StockManagerTests.xctest */ = {isa = PBXFileReference; explicitFileType = wrapper.cfbundle; includeInIndex = 0; name = StockManagerTests.xctest; path = "/Users/artur/Documents/prog/Projects/stock-manager/client-macos/build/Debug/StockManager.app/Contents/PlugIns/StockManagerTests.xctest"; sourceTree = "<absolute>"; };
		75FECCA32D4A7F2C00F13120 /* StockManagerUITests.xctest */ = {isa = PBXFileReference; explicitFileType = wrapper.cfbundle; includeInIndex = 0; name = StockManagerUITests.xctest; path = "/Users/artur/Documents/prog/Projects/stock-manager/client-macos/build/Debug/StockManagerUITests-Runner.app/Contents/PlugIns/StockManagerUITests.xctest"; sourceTree = "<absolute>"; };
/* End PBXFileReference section */

/* Begin PBXFileSystemSynchronizedBuildFileExceptionSet section */
		756363D92D7382ED00C42A03 /* Exceptions for "Model" folder in "StockManager" target */ = {
			isa = PBXFileSystemSynchronizedBuildFileExceptionSet;
			membershipExceptions = (
				Controllers/ProductController.swift,
				Product.swift,
				ProductExpiry.swift,
				SMError.swift,
			);
			target = 75FECC852D4A7F2A00F13120 /* StockManager */;
		};
		756363DA2D7382ED00C42A03 /* Exceptions for "Views" folder in "StockManager" target */ = {
			isa = PBXFileSystemSynchronizedBuildFileExceptionSet;
			membershipExceptions = (
				ContentView.swift,
				ExpiryDateView.swift,
			);
			target = 75FECC852D4A7F2A00F13120 /* StockManager */;
		};
/* End PBXFileSystemSynchronizedBuildFileExceptionSet section */

/* Begin PBXFileSystemSynchronizedRootGroup section */
		756363CC2D7382ED00C42A03 /* Model */ = {
			isa = PBXFileSystemSynchronizedRootGroup;
			exceptions = (
				756363D92D7382ED00C42A03 /* Exceptions for "Model" folder in "StockManager" target */,
			);
			path = Model;
			sourceTree = "<group>";
		};
		756363CE2D7382ED00C42A03 /* Preview Content */ = {
			isa = PBXFileSystemSynchronizedRootGroup;
			path = "Preview Content";
			sourceTree = "<group>";
		};
		756363D12D7382ED00C42A03 /* Views */ = {
			isa = PBXFileSystemSynchronizedRootGroup;
			exceptions = (
				756363DA2D7382ED00C42A03 /* Exceptions for "Views" folder in "StockManager" target */,
			);
			path = Views;
			sourceTree = "<group>";
		};
/* End PBXFileSystemSynchronizedRootGroup section */

/* Begin PBXFrameworksBuildPhase section */
		75FECC832D4A7F2A00F13120 /* Frameworks */ = {
			isa = PBXFrameworksBuildPhase;
			buildActionMask = 2147483647;
			files = (
			);
			runOnlyForDeploymentPostprocessing = 0;
		};
		75FECC962D4A7F2C00F13120 /* Frameworks */ = {
			isa = PBXFrameworksBuildPhase;
			buildActionMask = 2147483647;
			files = (
			);
			runOnlyForDeploymentPostprocessing = 0;
		};
		75FECCA02D4A7F2C00F13120 /* Frameworks */ = {
			isa = PBXFrameworksBuildPhase;
			buildActionMask = 2147483647;
			files = (
			);
			runOnlyForDeploymentPostprocessing = 0;
		};
/* End PBXFrameworksBuildPhase section */

/* Begin PBXGroup section */
		75FECC7D2D4A7F2A00F13120 = {
			isa = PBXGroup;
			children = (
				756363CC2D7382ED00C42A03 /* Model */,
				756363CE2D7382ED00C42A03 /* Preview Content */,
				756363D12D7382ED00C42A03 /* Views */,
				756363BB2D7382E500C42A03 /* Assets.xcassets */,
				756363BC2D7382E500C42A03 /* StockManager.entitlements */,
				756363BD2D7382E500C42A03 /* StockManagerApp.swift */,
				756363DB2D73832100C42A03 /* StockManager.app */,
			);
			sourceTree = "<group>";
		};
/* End PBXGroup section */

/* Begin PBXNativeTarget section */
		75FECC852D4A7F2A00F13120 /* StockManager */ = {
			isa = PBXNativeTarget;
			buildConfigurationList = 75FECCAD2D4A7F2C00F13120 /* Build configuration list for PBXNativeTarget "StockManager" */;
			buildPhases = (
				75FECC822D4A7F2A00F13120 /* Sources */,
				75FECC832D4A7F2A00F13120 /* Frameworks */,
				75FECC842D4A7F2A00F13120 /* Resources */,
			);
			buildRules = (
			);
			dependencies = (
			);
			fileSystemSynchronizedGroups = (
				756363CE2D7382ED00C42A03 /* Preview Content */,
			);
			name = StockManager;
			packageProductDependencies = (
			);
			productName = StockManager;
			productReference = 756363DB2D73832100C42A03 /* StockManager.app */;
			productType = "com.apple.product-type.application";
		};
		75FECC982D4A7F2C00F13120 /* StockManagerTests */ = {
			isa = PBXNativeTarget;
			buildConfigurationList = 75FECCB02D4A7F2C00F13120 /* Build configuration list for PBXNativeTarget "StockManagerTests" */;
			buildPhases = (
				75FECC952D4A7F2C00F13120 /* Sources */,
				75FECC962D4A7F2C00F13120 /* Frameworks */,
				75FECC972D4A7F2C00F13120 /* Resources */,
			);
			buildRules = (
			);
			dependencies = (
				75FECC9B2D4A7F2C00F13120 /* PBXTargetDependency */,
			);
			name = StockManagerTests;
			packageProductDependencies = (
			);
			productName = StockManagerTests;
			productReference = 75FECC992D4A7F2C00F13120 /* StockManagerTests.xctest */;
			productType = "com.apple.product-type.bundle.unit-test";
		};
		75FECCA22D4A7F2C00F13120 /* StockManagerUITests */ = {
			isa = PBXNativeTarget;
			buildConfigurationList = 75FECCB32D4A7F2C00F13120 /* Build configuration list for PBXNativeTarget "StockManagerUITests" */;
			buildPhases = (
				75FECC9F2D4A7F2C00F13120 /* Sources */,
				75FECCA02D4A7F2C00F13120 /* Frameworks */,
				75FECCA12D4A7F2C00F13120 /* Resources */,
			);
			buildRules = (
			);
			dependencies = (
				75FECCA52D4A7F2C00F13120 /* PBXTargetDependency */,
			);
			name = StockManagerUITests;
			packageProductDependencies = (
			);
			productName = StockManagerUITests;
			productReference = 75FECCA32D4A7F2C00F13120 /* StockManagerUITests.xctest */;
			productType = "com.apple.product-type.bundle.ui-testing";
		};
/* End PBXNativeTarget section */

/* Begin PBXProject section */
		75FECC7E2D4A7F2A00F13120 /* Project object */ = {
			isa = PBXProject;
			attributes = {
				BuildIndependentTargetsInParallel = 1;
				LastSwiftUpdateCheck = 1620;
				LastUpgradeCheck = 1620;
				TargetAttributes = {
					75FECC852D4A7F2A00F13120 = {
						CreatedOnToolsVersion = 16.2;
					};
					75FECC982D4A7F2C00F13120 = {
						CreatedOnToolsVersion = 16.2;
						TestTargetID = 75FECC852D4A7F2A00F13120;
					};
					75FECCA22D4A7F2C00F13120 = {
						CreatedOnToolsVersion = 16.2;
						TestTargetID = 75FECC852D4A7F2A00F13120;
					};
				};
			};
			buildConfigurationList = 75FECC812D4A7F2A00F13120 /* Build configuration list for PBXProject "StockManager" */;
			developmentRegion = en;
			hasScannedForEncodings = 0;
			knownRegions = (
				en,
				Base,
			);
			mainGroup = 75FECC7D2D4A7F2A00F13120;
			minimizedProjectReferenceProxies = 1;
			preferredProjectObjectVersion = 77;
			productRefGroup = 75FECC7D2D4A7F2A00F13120;
			projectDirPath = "";
			projectRoot = "";
			targets = (
				75FECC852D4A7F2A00F13120 /* StockManager */,
				75FECC982D4A7F2C00F13120 /* StockManagerTests */,
				75FECCA22D4A7F2C00F13120 /* StockManagerUITests */,
			);
		};
/* End PBXProject section */

/* Begin PBXResourcesBuildPhase section */
		75FECC842D4A7F2A00F13120 /* Resources */ = {
			isa = PBXResourcesBuildPhase;
			buildActionMask = 2147483647;
			files = (
				756363C62D7382E500C42A03 /* Assets.xcassets in Resources */,
			);
			runOnlyForDeploymentPostprocessing = 0;
		};
		75FECC972D4A7F2C00F13120 /* Resources */ = {
			isa = PBXResourcesBuildPhase;
			buildActionMask = 2147483647;
			files = (
			);
			runOnlyForDeploymentPostprocessing = 0;
		};
		75FECCA12D4A7F2C00F13120 /* Resources */ = {
			isa = PBXResourcesBuildPhase;
			buildActionMask = 2147483647;
			files = (
			);
			runOnlyForDeploymentPostprocessing = 0;
		};
/* End PBXResourcesBuildPhase section */

/* Begin PBXSourcesBuildPhase section */
		75FECC822D4A7F2A00F13120 /* Sources */ = {
			isa = PBXSourcesBuildPhase;
			buildActionMask = 2147483647;
			files = (
				756363C42D7382E500C42A03 /* StockManagerApp.swift in Sources */,
			);
			runOnlyForDeploymentPostprocessing = 0;
		};
		75FECC952D4A7F2C00F13120 /* Sources */ = {
			isa = PBXSourcesBuildPhase;
			buildActionMask = 2147483647;
			files = (
			);
			runOnlyForDeploymentPostprocessing = 0;
		};
		75FECC9F2D4A7F2C00F13120 /* Sources */ = {
			isa = PBXSourcesBuildPhase;
			buildActionMask = 2147483647;
			files = (
			);
			runOnlyForDeploymentPostprocessing = 0;
		};
/* End PBXSourcesBuildPhase section */

/* Begin PBXTargetDependency section */
		75FECC9B2D4A7F2C00F13120 /* PBXTargetDependency */ = {
			isa = PBXTargetDependency;
			target = 75FECC852D4A7F2A00F13120 /* StockManager */;
			targetProxy = 75FECC9A2D4A7F2C00F13120 /* PBXContainerItemProxy */;
		};
		75FECCA52D4A7F2C00F13120 /* PBXTargetDependency */ = {
			isa = PBXTargetDependency;
			target = 75FECC852D4A7F2A00F13120 /* StockManager */;
			targetProxy = 75FECCA42D4A7F2C00F13120 /* PBXContainerItemProxy */;
		};
/* End PBXTargetDependency section */

/* Begin XCBuildConfiguration section */
		75FECCAB2D4A7F2C00F13120 /* Debug */ = {
			isa = XCBuildConfiguration;
			buildSettings = {
				ALWAYS_SEARCH_USER_PATHS = NO;
				ASSETCATALOG_COMPILER_GENERATE_SWIFT_ASSET_SYMBOL_EXTENSIONS = YES;
				CLANG_ANALYZER_NONNULL = YES;
				CLANG_ANALYZER_NUMBER_OBJECT_CONVERSION = YES_AGGRESSIVE;
				CLANG_CXX_LANGUAGE_STANDARD = "gnu++20";
				CLANG_ENABLE_MODULES = YES;
				CLANG_ENABLE_OBJC_ARC = YES;
				CLANG_ENABLE_OBJC_WEAK = YES;
				CLANG_WARN_BLOCK_CAPTURE_AUTORELEASING = YES;
				CLANG_WARN_BOOL_CONVERSION = YES;
				CLANG_WARN_COMMA = YES;
				CLANG_WARN_CONSTANT_CONVERSION = YES;
				CLANG_WARN_DEPRECATED_OBJC_IMPLEMENTATIONS = YES;
				CLANG_WARN_DIRECT_OBJC_ISA_USAGE = YES_ERROR;
				CLANG_WARN_DOCUMENTATION_COMMENTS = YES;
				CLANG_WARN_EMPTY_BODY = YES;
				CLANG_WARN_ENUM_CONVERSION = YES;
				CLANG_WARN_INFINITE_RECURSION = YES;
				CLANG_WARN_INT_CONVERSION = YES;
				CLANG_WARN_NON_LITERAL_NULL_CONVERSION = YES;
				CLANG_WARN_OBJC_IMPLICIT_RETAIN_SELF = YES;
				CLANG_WARN_OBJC_LITERAL_CONVERSION = YES;
				CLANG_WARN_OBJC_ROOT_CLASS = YES_ERROR;
				CLANG_WARN_QUOTED_INCLUDE_IN_FRAMEWORK_HEADER = YES;
				CLANG_WARN_RANGE_LOOP_ANALYSIS = YES;
				CLANG_WARN_STRICT_PROTOTYPES = YES;
				CLANG_WARN_SUSPICIOUS_MOVE = YES;
				CLANG_WARN_UNGUARDED_AVAILABILITY = YES_AGGRESSIVE;
				CLANG_WARN_UNREACHABLE_CODE = YES;
				CLANG_WARN__DUPLICATE_METHOD_MATCH = YES;
				COPY_PHASE_STRIP = NO;
				DEBUG_INFORMATION_FORMAT = dwarf;
				ENABLE_STRICT_OBJC_MSGSEND = YES;
				ENABLE_TESTABILITY = YES;
				ENABLE_USER_SCRIPT_SANDBOXING = YES;
				GCC_C_LANGUAGE_STANDARD = gnu17;
				GCC_DYNAMIC_NO_PIC = NO;
				GCC_NO_COMMON_BLOCKS = YES;
				GCC_OPTIMIZATION_LEVEL = 0;
				GCC_PREPROCESSOR_DEFINITIONS = (
					"DEBUG=1",
					"$(inherited)",
				);
				GCC_WARN_64_TO_32_BIT_CONVERSION = YES;
				GCC_WARN_ABOUT_RETURN_TYPE = YES_ERROR;
				GCC_WARN_UNDECLARED_SELECTOR = YES;
				GCC_WARN_UNINITIALIZED_AUTOS = YES_AGGRESSIVE;
				GCC_WARN_UNUSED_FUNCTION = YES;
				GCC_WARN_UNUSED_VARIABLE = YES;
				LOCALIZATION_PREFERS_STRING_CATALOGS = YES;
				MACOSX_DEPLOYMENT_TARGET = 15.2;
				MTL_ENABLE_DEBUG_INFO = INCLUDE_SOURCE;
				MTL_FAST_MATH = YES;
				ONLY_ACTIVE_ARCH = YES;
				SDKROOT = macosx;
				SWIFT_ACTIVE_COMPILATION_CONDITIONS = "DEBUG $(inherited)";
				SWIFT_OPTIMIZATION_LEVEL = "-Onone";
			};
			name = Debug;
		};
		75FECCAC2D4A7F2C00F13120 /* Release */ = {
			isa = XCBuildConfiguration;
			buildSettings = {
				ALWAYS_SEARCH_USER_PATHS = NO;
				ASSETCATALOG_COMPILER_GENERATE_SWIFT_ASSET_SYMBOL_EXTENSIONS = YES;
				CLANG_ANALYZER_NONNULL = YES;
				CLANG_ANALYZER_NUMBER_OBJECT_CONVERSION = YES_AGGRESSIVE;
				CLANG_CXX_LANGUAGE_STANDARD = "gnu++20";
				CLANG_ENABLE_MODULES = YES;
				CLANG_ENABLE_OBJC_ARC = YES;
				CLANG_ENABLE_OBJC_WEAK = YES;
				CLANG_WARN_BLOCK_CAPTURE_AUTORELEASING = YES;
				CLANG_WARN_BOOL_CONVERSION = YES;
				CLANG_WARN_COMMA = YES;
				CLANG_WARN_CONSTANT_CONVERSION = YES;
				CLANG_WARN_DEPRECATED_OBJC_IMPLEMENTATIONS = YES;
				CLANG_WARN_DIRECT_OBJC_ISA_USAGE = YES_ERROR;
				CLANG_WARN_DOCUMENTATION_COMMENTS = YES;
				CLANG_WARN_EMPTY_BODY = YES;
				CLANG_WARN_ENUM_CONVERSION = YES;
				CLANG_WARN_INFINITE_RECURSION = YES;
				CLANG_WARN_INT_CONVERSION = YES;
				CLANG_WARN_NON_LITERAL_NULL_CONVERSION = YES;
				CLANG_WARN_OBJC_IMPLICIT_RETAIN_SELF = YES;
				CLANG_WARN_OBJC_LITERAL_CONVERSION = YES;
				CLANG_WARN_OBJC_ROOT_CLASS = YES_ERROR;
				CLANG_WARN_QUOTED_INCLUDE_IN_FRAMEWORK_HEADER = YES;
				CLANG_WARN_RANGE_LOOP_ANALYSIS = YES;
				CLANG_WARN_STRICT_PROTOTYPES = YES;
				CLANG_WARN_SUSPICIOUS_MOVE = YES;
				CLANG_WARN_UNGUARDED_AVAILABILITY = YES_AGGRESSIVE;
				CLANG_WARN_UNREACHABLE_CODE = YES;
				CLANG_WARN__DUPLICATE_METHOD_MATCH = YES;
				COPY_PHASE_STRIP = NO;
				DEBUG_INFORMATION_FORMAT = "dwarf-with-dsym";
				ENABLE_NS_ASSERTIONS = NO;
				ENABLE_STRICT_OBJC_MSGSEND = YES;
				ENABLE_USER_SCRIPT_SANDBOXING = YES;
				GCC_C_LANGUAGE_STANDARD = gnu17;
				GCC_NO_COMMON_BLOCKS = YES;
				GCC_WARN_64_TO_32_BIT_CONVERSION = YES;
				GCC_WARN_ABOUT_RETURN_TYPE = YES_ERROR;
				GCC_WARN_UNDECLARED_SELECTOR = YES;
				GCC_WARN_UNINITIALIZED_AUTOS = YES_AGGRESSIVE;
				GCC_WARN_UNUSED_FUNCTION = YES;
				GCC_WARN_UNUSED_VARIABLE = YES;
				LOCALIZATION_PREFERS_STRING_CATALOGS = YES;
				MACOSX_DEPLOYMENT_TARGET = 15.2;
				MTL_ENABLE_DEBUG_INFO = NO;
				MTL_FAST_MATH = YES;
				SDKROOT = macosx;
				SWIFT_COMPILATION_MODE = wholemodule;
			};
			name = Release;
		};
		75FECCAE2D4A7F2C00F13120 /* Debug */ = {
			isa = XCBuildConfiguration;
			buildSettings = {
				ASSETCATALOG_COMPILER_APPICON_NAME = AppIcon;
				ASSETCATALOG_COMPILER_GLOBAL_ACCENT_COLOR_NAME = AccentColor;
				CODE_SIGN_ENTITLEMENTS = StockManager.entitlements;
				CODE_SIGN_STYLE = Automatic;
				COMBINE_HIDPI_IMAGES = YES;
				CURRENT_PROJECT_VERSION = 1;
				DEVELOPMENT_ASSET_PATHS = "\"Preview Content\"";
				DEVELOPMENT_TEAM = MMD4KGB9S4;
				ENABLE_HARDENED_RUNTIME = YES;
				ENABLE_PREVIEWS = YES;
				GENERATE_INFOPLIST_FILE = YES;
				INFOPLIST_KEY_CFBundleDisplayName = "Stock Manager";
				INFOPLIST_KEY_LSApplicationCategoryType = "public.app-category.business";
				INFOPLIST_KEY_NSHumanReadableCopyright = "";
				LD_RUNPATH_SEARCH_PATHS = (
					"$(inherited)",
					"@executable_path/../Frameworks",
				);
				MACOSX_DEPLOYMENT_TARGET = 15.0;
				MARKETING_VERSION = 1.0;
				PRODUCT_BUNDLE_IDENTIFIER = "ch.stockmanager.client-macos";
				PRODUCT_NAME = "$(TARGET_NAME)";
				SWIFT_EMIT_LOC_STRINGS = YES;
				SWIFT_VERSION = 5.0;
			};
			name = Debug;
		};
		75FECCAF2D4A7F2C00F13120 /* Release */ = {
			isa = XCBuildConfiguration;
			buildSettings = {
				ASSETCATALOG_COMPILER_APPICON_NAME = AppIcon;
				ASSETCATALOG_COMPILER_GLOBAL_ACCENT_COLOR_NAME = AccentColor;
				CODE_SIGN_ENTITLEMENTS = StockManager.entitlements;
				"CODE_SIGN_IDENTITY[sdk=macosx*]" = "Apple Development";
				CODE_SIGN_STYLE = Automatic;
				COMBINE_HIDPI_IMAGES = YES;
				CURRENT_PROJECT_VERSION = 1;
				DEVELOPMENT_ASSET_PATHS = "\"Preview Content\"";
				DEVELOPMENT_TEAM = MMD4KGB9S4;
				ENABLE_HARDENED_RUNTIME = YES;
				ENABLE_PREVIEWS = YES;
				GENERATE_INFOPLIST_FILE = YES;
				INFOPLIST_KEY_CFBundleDisplayName = "Stock Manager";
				INFOPLIST_KEY_LSApplicationCategoryType = "public.app-category.business";
				INFOPLIST_KEY_NSHumanReadableCopyright = "";
				LD_RUNPATH_SEARCH_PATHS = (
					"$(inherited)",
					"@executable_path/../Frameworks",
				);
				MACOSX_DEPLOYMENT_TARGET = 15.0;
				MARKETING_VERSION = 1.0;
				PRODUCT_BUNDLE_IDENTIFIER = "ch.stockmanager.client-macos";
				PRODUCT_NAME = "$(TARGET_NAME)";
				SWIFT_EMIT_LOC_STRINGS = YES;
				SWIFT_VERSION = 5.0;
			};
			name = Release;
		};
		75FECCB12D4A7F2C00F13120 /* Debug */ = {
			isa = XCBuildConfiguration;
			buildSettings = {
				BUNDLE_LOADER = "$(TEST_HOST)";
				CODE_SIGN_STYLE = Automatic;
				CURRENT_PROJECT_VERSION = 1;
				DEVELOPMENT_TEAM = MMD4KGB9S4;
				GENERATE_INFOPLIST_FILE = YES;
				MACOSX_DEPLOYMENT_TARGET = 14.0;
				MARKETING_VERSION = 1.0;
				PRODUCT_BUNDLE_IDENTIFIER = ch.chomusuke.StockManagerTests;
				PRODUCT_NAME = "$(TARGET_NAME)";
				SWIFT_EMIT_LOC_STRINGS = NO;
				SWIFT_VERSION = 5.0;
				TEST_HOST = "$(BUILT_PRODUCTS_DIR)/StockManager.app/$(BUNDLE_EXECUTABLE_FOLDER_PATH)/StockManager";
			};
			name = Debug;
		};
		75FECCB22D4A7F2C00F13120 /* Release */ = {
			isa = XCBuildConfiguration;
			buildSettings = {
				BUNDLE_LOADER = "$(TEST_HOST)";
				CODE_SIGN_STYLE = Automatic;
				CURRENT_PROJECT_VERSION = 1;
				DEVELOPMENT_TEAM = MMD4KGB9S4;
				GENERATE_INFOPLIST_FILE = YES;
				MACOSX_DEPLOYMENT_TARGET = 14.0;
				MARKETING_VERSION = 1.0;
				PRODUCT_BUNDLE_IDENTIFIER = ch.chomusuke.StockManagerTests;
				PRODUCT_NAME = "$(TARGET_NAME)";
				SWIFT_EMIT_LOC_STRINGS = NO;
				SWIFT_VERSION = 5.0;
				TEST_HOST = "$(BUILT_PRODUCTS_DIR)/StockManager.app/$(BUNDLE_EXECUTABLE_FOLDER_PATH)/StockManager";
			};
			name = Release;
		};
		75FECCB42D4A7F2C00F13120 /* Debug */ = {
			isa = XCBuildConfiguration;
			buildSettings = {
				CODE_SIGN_STYLE = Automatic;
				CURRENT_PROJECT_VERSION = 1;
				DEVELOPMENT_TEAM = MMD4KGB9S4;
				GENERATE_INFOPLIST_FILE = YES;
				MARKETING_VERSION = 1.0;
				PRODUCT_BUNDLE_IDENTIFIER = ch.chomusuke.StockManagerUITests;
				PRODUCT_NAME = "$(TARGET_NAME)";
				SWIFT_EMIT_LOC_STRINGS = NO;
				SWIFT_VERSION = 5.0;
				TEST_TARGET_NAME = StockManager;
			};
			name = Debug;
		};
		75FECCB52D4A7F2C00F13120 /* Release */ = {
			isa = XCBuildConfiguration;
			buildSettings = {
				CODE_SIGN_STYLE = Automatic;
				CURRENT_PROJECT_VERSION = 1;
				DEVELOPMENT_TEAM = MMD4KGB9S4;
				GENERATE_INFOPLIST_FILE = YES;
				MARKETING_VERSION = 1.0;
				PRODUCT_BUNDLE_IDENTIFIER = ch.chomusuke.StockManagerUITests;
				PRODUCT_NAME = "$(TARGET_NAME)";
				SWIFT_EMIT_LOC_STRINGS = NO;
				SWIFT_VERSION = 5.0;
				TEST_TARGET_NAME = StockManager;
			};
			name = Release;
		};
/* End XCBuildConfiguration section */

/* Begin XCConfigurationList section */
		75FECC812D4A7F2A00F13120 /* Build configuration list for PBXProject "StockManager" */ = {
			isa = XCConfigurationList;
			buildConfigurations = (
				75FECCAB2D4A7F2C00F13120 /* Debug */,
				75FECCAC2D4A7F2C00F13120 /* Release */,
			);
			defaultConfigurationIsVisible = 0;
			defaultConfigurationName = Release;
		};
		75FECCAD2D4A7F2C00F13120 /* Build configuration list for PBXNativeTarget "StockManager" */ = {
			isa = XCConfigurationList;
			buildConfigurations = (
				75FECCAE2D4A7F2C00F13120 /* Debug */,
				75FECCAF2D4A7F2C00F13120 /* Release */,
			);
			defaultConfigurationIsVisible = 0;
			defaultConfigurationName = Release;
		};
		75FECCB02D4A7F2C00F13120 /* Build configuration list for PBXNativeTarget "StockManagerTests" */ = {
			isa = XCConfigurationList;
			buildConfigurations = (
				75FECCB12D4A7F2C00F13120 /* Debug */,
				75FECCB22D4A7F2C00F13120 /* Release */,
			);
			defaultConfigurationIsVisible = 0;
			defaultConfigurationName = Release;
		};
		75FECCB32D4A7F2C00F13120 /* Build configuration list for PBXNativeTarget "StockManagerUITests" */ = {
			isa = XCConfigurationList;
			buildConfigurations = (
				75FECCB42D4A7F2C00F13120 /* Debug */,
				75FECCB52D4A7F2C00F13120 /* Release */,
			);
			defaultConfigurationIsVisible = 0;
			defaultConfigurationName = Release;
		};
/* End XCConfigurationList section */
	};
	rootObject = 75FECC7E2D4A7F2A00F13120 /* Project object */;
}
